
Microsoft Visual Studio Solution File, Format Version 12.00
# Visual Studio 15
VisualStudioVersion = 15.0.28307.168
MinimumVisualStudioVersion = 10.0.40219.1
Project("{FAE04EC0-301F-11D3-BF4B-00C04F79EFBC}") = "Kertaustehtävät12_11_2", "Kertaustehtävät12_11_2\Kertaustehtävät12_11_2.csproj", "{E07A0D6A-20E2-42F3-BABD-0315ACD8FD13}"
EndProject
Global
	GlobalSection(SolutionConfigurationPlatforms) = preSolution
		Debug|Any CPU = Debug|Any CPU
		Release|Any CPU = Release|Any CPU
	EndGlobalSection
	GlobalSection(ProjectConfigurationPlatforms) = postSolution
		{E07A0D6A-20E2-42F3-BABD-0315ACD8FD13}.Debug|Any CPU.ActiveCfg = Debug|Any CPU
		{E07A0D6A-20E2-42F3-BABD-0315ACD8FD13}.Debug|Any CPU.Build.0 = Debug|Any CPU
		{E07A0D6A-20E2-42F3-BABD-0315ACD8FD13}.Release|Any CPU.ActiveCfg = Release|Any CPU
		{E07A0D6A-20E2-42F3-BABD-0315ACD8FD13}.Release|Any CPU.Build.0 = Release|Any CPU
	EndGlobalSection
	GlobalSection(SolutionProperties) = preSolution
		HideSolutionNode = FALSE
	EndGlobalSection
	GlobalSection(ExtensibilityGlobals) = postSolution
		SolutionGuid = {43C536B1-62E3-4A55-8FB8-D6A29A661574}
	EndGlobalSection
EndGlobal
