
Microsoft Visual Studio Solution File, Format Version 12.00
# Visual Studio 15
VisualStudioVersion = 15.0.28010.2048
MinimumVisualStudioVersion = 10.0.40219.1
Project("{FAE04EC0-301F-11D3-BF4B-00C04F79EFBC}") = "RepetitionTask1", "RepetitionTask1\RepetitionTask1.csproj", "{98CC9F26-AAB6-4069-AF57-60BDD0D6C18F}"
EndProject
Global
	GlobalSection(SolutionConfigurationPlatforms) = preSolution
		Debug|Any CPU = Debug|Any CPU
		Release|Any CPU = Release|Any CPU
	EndGlobalSection
	GlobalSection(ProjectConfigurationPlatforms) = postSolution
		{98CC9F26-AAB6-4069-AF57-60BDD0D6C18F}.Debug|Any CPU.ActiveCfg = Debug|Any CPU
		{98CC9F26-AAB6-4069-AF57-60BDD0D6C18F}.Debug|Any CPU.Build.0 = Debug|Any CPU
		{98CC9F26-AAB6-4069-AF57-60BDD0D6C18F}.Release|Any CPU.ActiveCfg = Release|Any CPU
		{98CC9F26-AAB6-4069-AF57-60BDD0D6C18F}.Release|Any CPU.Build.0 = Release|Any CPU
	EndGlobalSection
	GlobalSection(SolutionProperties) = preSolution
		HideSolutionNode = FALSE
	EndGlobalSection
	GlobalSection(ExtensibilityGlobals) = postSolution
		SolutionGuid = {7DD0D3F2-ED34-4CCE-872F-4DDF25B638FE}
	EndGlobalSection
EndGlobal
