
Microsoft Visual Studio Solution File, Format Version 12.00
# Visual Studio 15
VisualStudioVersion = 15.0.28010.2048
MinimumVisualStudioVersion = 10.0.40219.1
Project("{FAE04EC0-301F-11D3-BF4B-00C04F79EFBC}") = "ViitenumeronTarkistus", "ViitenumeronTarkistus\ViitenumeronTarkistus.csproj", "{C5976049-C581-4931-9222-90091963DADC}"
EndProject
Global
	GlobalSection(SolutionConfigurationPlatforms) = preSolution
		Debug|Any CPU = Debug|Any CPU
		Release|Any CPU = Release|Any CPU
	EndGlobalSection
	GlobalSection(ProjectConfigurationPlatforms) = postSolution
		{C5976049-C581-4931-9222-90091963DADC}.Debug|Any CPU.ActiveCfg = Debug|Any CPU
		{C5976049-C581-4931-9222-90091963DADC}.Debug|Any CPU.Build.0 = Debug|Any CPU
		{C5976049-C581-4931-9222-90091963DADC}.Release|Any CPU.ActiveCfg = Release|Any CPU
		{C5976049-C581-4931-9222-90091963DADC}.Release|Any CPU.Build.0 = Release|Any CPU
	EndGlobalSection
	GlobalSection(SolutionProperties) = preSolution
		HideSolutionNode = FALSE
	EndGlobalSection
	GlobalSection(ExtensibilityGlobals) = postSolution
		SolutionGuid = {96BF53FA-078D-4650-BD6C-9DAD3E1C31E5}
	EndGlobalSection
EndGlobal
