
Microsoft Visual Studio Solution File, Format Version 12.00
# Visual Studio 15
VisualStudioVersion = 15.0.28010.2048
MinimumVisualStudioVersion = 10.0.40219.1
Project("{FAE04EC0-301F-11D3-BF4B-00C04F79EFBC}") = "HetuGenerator", "HetuGenerator\HetuGenerator.csproj", "{F38A5BD5-0078-4A12-91F4-6EE30C21D186}"
EndProject
Global
	GlobalSection(SolutionConfigurationPlatforms) = preSolution
		Debug|Any CPU = Debug|Any CPU
		Release|Any CPU = Release|Any CPU
	EndGlobalSection
	GlobalSection(ProjectConfigurationPlatforms) = postSolution
		{F38A5BD5-0078-4A12-91F4-6EE30C21D186}.Debug|Any CPU.ActiveCfg = Debug|Any CPU
		{F38A5BD5-0078-4A12-91F4-6EE30C21D186}.Debug|Any CPU.Build.0 = Debug|Any CPU
		{F38A5BD5-0078-4A12-91F4-6EE30C21D186}.Release|Any CPU.ActiveCfg = Release|Any CPU
		{F38A5BD5-0078-4A12-91F4-6EE30C21D186}.Release|Any CPU.Build.0 = Release|Any CPU
	EndGlobalSection
	GlobalSection(SolutionProperties) = preSolution
		HideSolutionNode = FALSE
	EndGlobalSection
	GlobalSection(ExtensibilityGlobals) = postSolution
		SolutionGuid = {1BF6393F-25F0-4501-BFC0-FE6636FAD00D}
	EndGlobalSection
EndGlobal
