
Microsoft Visual Studio Solution File, Format Version 12.00
# Visual Studio 15
VisualStudioVersion = 15.0.28010.2036
MinimumVisualStudioVersion = 10.0.40219.1
Project("{FAE04EC0-301F-11D3-BF4B-00C04F79EFBC}") = "LoopTask3_3", "LoopTask3_3\LoopTask3_3.csproj", "{EAC5E1CD-C74D-4E14-ADBD-0A6C8F0BE0AB}"
EndProject
Global
	GlobalSection(SolutionConfigurationPlatforms) = preSolution
		Debug|Any CPU = Debug|Any CPU
		Release|Any CPU = Release|Any CPU
	EndGlobalSection
	GlobalSection(ProjectConfigurationPlatforms) = postSolution
		{EAC5E1CD-C74D-4E14-ADBD-0A6C8F0BE0AB}.Debug|Any CPU.ActiveCfg = Debug|Any CPU
		{EAC5E1CD-C74D-4E14-ADBD-0A6C8F0BE0AB}.Debug|Any CPU.Build.0 = Debug|Any CPU
		{EAC5E1CD-C74D-4E14-ADBD-0A6C8F0BE0AB}.Release|Any CPU.ActiveCfg = Release|Any CPU
		{EAC5E1CD-C74D-4E14-ADBD-0A6C8F0BE0AB}.Release|Any CPU.Build.0 = Release|Any CPU
	EndGlobalSection
	GlobalSection(SolutionProperties) = preSolution
		HideSolutionNode = FALSE
	EndGlobalSection
	GlobalSection(ExtensibilityGlobals) = postSolution
		SolutionGuid = {04CC7534-8036-4315-99BA-7E16F4131C3B}
	EndGlobalSection
EndGlobal
