
Microsoft Visual Studio Solution File, Format Version 12.00
# Visual Studio 15
VisualStudioVersion = 15.0.28010.2036
MinimumVisualStudioVersion = 10.0.40219.1
Project("{FAE04EC0-301F-11D3-BF4B-00C04F79EFBC}") = "ifTask4", "ifTask4\ifTask4.csproj", "{FDC9F9D7-D348-4109-8263-E398144515B7}"
EndProject
Global
	GlobalSection(SolutionConfigurationPlatforms) = preSolution
		Debug|Any CPU = Debug|Any CPU
		Release|Any CPU = Release|Any CPU
	EndGlobalSection
	GlobalSection(ProjectConfigurationPlatforms) = postSolution
		{FDC9F9D7-D348-4109-8263-E398144515B7}.Debug|Any CPU.ActiveCfg = Debug|Any CPU
		{FDC9F9D7-D348-4109-8263-E398144515B7}.Debug|Any CPU.Build.0 = Debug|Any CPU
		{FDC9F9D7-D348-4109-8263-E398144515B7}.Release|Any CPU.ActiveCfg = Release|Any CPU
		{FDC9F9D7-D348-4109-8263-E398144515B7}.Release|Any CPU.Build.0 = Release|Any CPU
	EndGlobalSection
	GlobalSection(SolutionProperties) = preSolution
		HideSolutionNode = FALSE
	EndGlobalSection
	GlobalSection(ExtensibilityGlobals) = postSolution
		SolutionGuid = {A828A29E-0F08-4F24-B118-979941ED85F0}
	EndGlobalSection
EndGlobal
