
Microsoft Visual Studio Solution File, Format Version 12.00
# Visual Studio 15
VisualStudioVersion = 15.0.28010.2048
MinimumVisualStudioVersion = 10.0.40219.1
Project("{FAE04EC0-301F-11D3-BF4B-00C04F79EFBC}") = "ChartTask2", "ChartTask2\ChartTask2.csproj", "{97002A55-3CDF-42F9-832B-4C23FE3384A6}"
EndProject
Global
	GlobalSection(SolutionConfigurationPlatforms) = preSolution
		Debug|Any CPU = Debug|Any CPU
		Release|Any CPU = Release|Any CPU
	EndGlobalSection
	GlobalSection(ProjectConfigurationPlatforms) = postSolution
		{97002A55-3CDF-42F9-832B-4C23FE3384A6}.Debug|Any CPU.ActiveCfg = Debug|Any CPU
		{97002A55-3CDF-42F9-832B-4C23FE3384A6}.Debug|Any CPU.Build.0 = Debug|Any CPU
		{97002A55-3CDF-42F9-832B-4C23FE3384A6}.Release|Any CPU.ActiveCfg = Release|Any CPU
		{97002A55-3CDF-42F9-832B-4C23FE3384A6}.Release|Any CPU.Build.0 = Release|Any CPU
	EndGlobalSection
	GlobalSection(SolutionProperties) = preSolution
		HideSolutionNode = FALSE
	EndGlobalSection
	GlobalSection(ExtensibilityGlobals) = postSolution
		SolutionGuid = {22FF71D9-E0AC-4802-96C8-BAF7B38A604A}
	EndGlobalSection
EndGlobal
