
Microsoft Visual Studio Solution File, Format Version 12.00
# Visual Studio 15
VisualStudioVersion = 15.0.28010.2036
MinimumVisualStudioVersion = 10.0.40219.1
Project("{FAE04EC0-301F-11D3-BF4B-00C04F79EFBC}") = "LoopTask4_6", "LoopTask4_6\LoopTask4_6.csproj", "{84B873FE-1BC1-4647-84ED-D21D13D950F5}"
EndProject
Global
	GlobalSection(SolutionConfigurationPlatforms) = preSolution
		Debug|Any CPU = Debug|Any CPU
		Release|Any CPU = Release|Any CPU
	EndGlobalSection
	GlobalSection(ProjectConfigurationPlatforms) = postSolution
		{84B873FE-1BC1-4647-84ED-D21D13D950F5}.Debug|Any CPU.ActiveCfg = Debug|Any CPU
		{84B873FE-1BC1-4647-84ED-D21D13D950F5}.Debug|Any CPU.Build.0 = Debug|Any CPU
		{84B873FE-1BC1-4647-84ED-D21D13D950F5}.Release|Any CPU.ActiveCfg = Release|Any CPU
		{84B873FE-1BC1-4647-84ED-D21D13D950F5}.Release|Any CPU.Build.0 = Release|Any CPU
	EndGlobalSection
	GlobalSection(SolutionProperties) = preSolution
		HideSolutionNode = FALSE
	EndGlobalSection
	GlobalSection(ExtensibilityGlobals) = postSolution
		SolutionGuid = {BA5477D2-9261-4DE1-BF86-DDF6C5E3FB1A}
	EndGlobalSection
EndGlobal
